<?xml version="1.0" encoding="utf-8"?>
<Project ToolsVersion="4.0" xmlns="http://schemas.microsoft.com/developer/msbuild/2003">
  <ItemGroup>
    <Filter Include="Source Files">
      <UniqueIdentifier>{4FC737F1-C7A5-4376-A066-2A32D752A2FF}</UniqueIdentifier>
      <Extensions>cpp;c;cc;cxx;c++;cppm;ixx;def;odl;idl;hpj;bat;asm;asmx</Extensions>
    </Filter>
    <Filter Include="Header Files">
      <UniqueIdentifier>{93995380-89BD-4b04-88EB-625FBE52EBFB}</UniqueIdentifier>
      <Extensions>h;hh;hpp;hxx;h++;hm;inl;inc;ipp;xsd</Extensions>
    </Filter>
    <Filter Include="Resource Files">
      <UniqueIdentifier>{67DA6AB6-F800-4c08-8B7A-83BB121AAD01}</UniqueIdentifier>
      <Extensions>rc;ico;cur;bmp;dlg;rc2;rct;bin;rgs;gif;jpg;jpeg;jpe;resx;tiff;tif;png;wav;mfcribbon-ms</Extensions>
    </Filter>
    <Filter Include="assets">
      <UniqueIdentifier>{c798c023-dc3a-41f7-b418-972291467c62}</UniqueIdentifier>
    </Filter>
    <Filter Include="assets\images">
      <UniqueIdentifier>{dfd4be8f-8a53-42b1-a999-d95ce93c578d}</UniqueIdentifier>
    </Filter>
    <Filter Include="assets\sounds">
      <UniqueIdentifier>{c829d2d4-13bf-4ad3-9e7f-cfdc610b1f14}</UniqueIdentifier>
    </Filter>
  </ItemGroup>
  <ItemGroup>
    <ClCompile Include="main.cpp">
      <Filter>Source Files</Filter>
    </ClCompile>
    <ClCompile Include="Game.cpp">
      <Filter>Source Files</Filter>
    </ClCompile>
    <ClCompile Include="Display.cpp">
      <Filter>Source Files</Filter>
    </ClCompile>
    <ClCompile Include="LevelEditor.cpp">
      <Filter>Source Files</Filter>
    </ClCompile>
    <ClCompile Include="Tiles.cpp">
      <Filter>Source Files</Filter>
    </ClCompile>
    <ClCompile Include="SoundManager.cpp">
      <Filter>Source Files</Filter>
    </ClCompile>
  </ItemGroup>
  <ItemGroup>
    <ClInclude Include="headers\Game.hpp">
      <Filter>Header Files</Filter>
    </ClInclude>
    <ClInclude Include="headers\Level.hpp">
      <Filter>Header Files</Filter>
    </ClInclude>
    <ClInclude Include="headers\Object.hpp">
      <Filter>Header Files</Filter>
    </ClInclude>
    <ClInclude Include="headers\Player.hpp">
      <Filter>Header Files</Filter>
    </ClInclude>
    <ClInclude Include="headers\Tiles.hpp">
      <Filter>Header Files</Filter>
    </ClInclude>
    <ClInclude Include="Display.hpp">
      <Filter>Header Files</Filter>
    </ClInclude>
    <ClInclude Include="headers\Button.hpp">
      <Filter>Header Files</Filter>
    </ClInclude>
    <ClInclude Include="headers\json.hpp">
      <Filter>Header Files</Filter>
    </ClInclude>
    <ClInclude Include="headers\LevelEditor.hpp">
      <Filter>Header Files</Filter>
    </ClInclude>
    <ClInclude Include="Label.hpp">
      <Filter>Header Files</Filter>
    </ClInclude>
    <ClInclude Include="headers\SoundManager.hpp">
      <Filter>Header Files</Filter>
    </ClInclude>
  </ItemGroup>
  <ItemGroup>
    <Image Include="assets\images\background_mainmenu.bmp">
      <Filter>assets\images</Filter>
    </Image>
    <Image Include="assets\images\background_mask_mainmenu.bmp">
      <Filter>assets\images</Filter>
    </Image>
    <Image Include="assets\images\background_mask_pausemenu.bmp">
      <Filter>assets\images</Filter>
    </Image>
    <Image Include="assets\images\background_pausemenu.bmp">
      <Filter>assets\images</Filter>
    </Image>
    <Image Include="assets\images\coin.bmp">
      <Filter>assets\images</Filter>
    </Image>
    <Image Include="assets\images\coin_mask.bmp">
      <Filter>assets\images</Filter>
    </Image>
    <Image Include="assets\images\door_huso.bmp">
      <Filter>assets\images</Filter>
    </Image>
    <Image Include="assets\images\door_huso_mask.bmp">
      <Filter>assets\images</Filter>
    </Image>
    <Image Include="assets\images\door_mahex.bmp">
      <Filter>assets\images</Filter>
    </Image>
    <Image Include="assets\images\door_mahex_mask.bmp">
      <Filter>assets\images</Filter>
    </Image>
    <Image Include="assets\images\horizontal_plate.bmp">
      <Filter>assets\images</Filter>
    </Image>
    <Image Include="assets\images\horizontal_plate_mask.bmp">
      <Filter>assets\images</Filter>
    </Image>
    <Image Include="assets\images\keydown.bmp">
      <Filter>assets\images</Filter>
    </Image>
    <Image Include="assets\images\keydown_mask.bmp">
      <Filter>assets\images</Filter>
    </Image>
    <Image Include="assets\images\player.bmp">
      <Filter>assets\images</Filter>
    </Image>
    <Image Include="assets\images\player_mask.bmp">
      <Filter>assets\images</Filter>
    </Image>
    <Image Include="assets\images\pressure.bmp">
      <Filter>assets\images</Filter>
    </Image>
    <Image Include="assets\images\pressure_active.bmp">
      <Filter>assets\images</Filter>
    </Image>
    <Image Include="assets\images\pressure_active_mask.bmp">
      <Filter>assets\images</Filter>
    </Image>
    <Image Include="assets\images\pressure_mask.bmp">
      <Filter>assets\images</Filter>
    </Image>
    <Image Include="assets\images\spikes.bmp">
      <Filter>assets\images</Filter>
    </Image>
    <Image Include="assets\images\spikes_mask.bmp">
      <Filter>assets\images</Filter>
    </Image>
    <Image Include="assets\images\tile.bmp">
      <Filter>assets\images</Filter>
    </Image>
    <Image Include="assets\images\tile_mask.bmp">
      <Filter>assets\images</Filter>
    </Image>
    <Image Include="assets\images\vertical_plate.bmp">
      <Filter>assets\images</Filter>
    </Image>
    <Image Include="assets\images\vertical_plate_mask.bmp">
      <Filter>assets\images</Filter>
    </Image>
  </ItemGroup>
  <ItemGroup>
    <Media Include="assets\sounds\background.wav">
      <Filter>assets\sounds</Filter>
    </Media>
    <Media Include="assets\sounds\click.wav">
      <Filter>assets\sounds</Filter>
    </Media>
    <Media Include="assets\sounds\coin.wav">
      <Filter>assets\sounds</Filter>
    </Media>
    <Media Include="assets\sounds\gameover.wav">
      <Filter>assets\sounds</Filter>
    </Media>
    <Media Include="assets\sounds\gamestart.wav">
      <Filter>assets\sounds</Filter>
    </Media>
    <Media Include="assets\sounds\gamewin.wav">
      <Filter>assets\sounds</Filter>
    </Media>
    <Media Include="assets\sounds\jump.wav">
      <Filter>assets\sounds</Filter>
    </Media>
  </ItemGroup>
</Project>